// !$*UTF8*$!
{
	archiveVersion = 1;
	classes = {
	};
	objectVersion = 55;
	objects = {

/* Begin PBXBuildFile section */
		72032C3227D1A5A9001B2E36 /* CreateNewWorkoutView.swift in Sources */ = {isa = PBXBuildFile; fileRef = 72032C3127D1A5A9001B2E36 /* CreateNewWorkoutView.swift */; };
		72032C3427D1A639001B2E36 /* EmojiTextField.swift in Sources */ = {isa = PBXBuildFile; fileRef = 72032C3327D1A639001B2E36 /* EmojiTextField.swift */; };
		72032C3627D1B7D7001B2E36 /* TagView.swift in Sources */ = {isa = PBXBuildFile; fileRef = 72032C3527D1B7D7001B2E36 /* TagView.swift */; };
		72032C3927D4A48D001B2E36 /* SwiftUICharts in Frameworks */ = {isa = PBXBuildFile; productRef = 72032C3827D4A48D001B2E36 /* SwiftUICharts */; };
		7235780D27BDF85E0013967E /* WorkMeOutApp.swift in Sources */ = {isa = PBXBuildFile; fileRef = 7235780C27BDF85E0013967E /* WorkMeOutApp.swift */; };
		7235780F27BDF85E0013967E /* HomeView.swift in Sources */ = {isa = PBXBuildFile; fileRef = 7235780E27BDF85E0013967E /* HomeView.swift */; };
		7235781127BDF85F0013967E /* Assets.xcassets in Resources */ = {isa = PBXBuildFile; fileRef = 7235781027BDF85F0013967E /* Assets.xcassets */; };
		7235781427BDF85F0013967E /* Preview Assets.xcassets in Resources */ = {isa = PBXBuildFile; fileRef = 7235781327BDF85F0013967E /* Preview Assets.xcassets */; };
		7235781B27BDFAB20013967E /* Store.swift in Sources */ = {isa = PBXBuildFile; fileRef = 7235781A27BDFAB20013967E /* Store.swift */; };
		7235781D27BDFDB50013967E /* WorkoutView.swift in Sources */ = {isa = PBXBuildFile; fileRef = 7235781C27BDFDB50013967E /* WorkoutView.swift */; };
		72F29DA727D098010046BD87 /* CreateNewActivityView.swift in Sources */ = {isa = PBXBuildFile; fileRef = 72F29DA627D098010046BD87 /* CreateNewActivityView.swift */; };
/* End PBXBuildFile section */

/* Begin PBXFileReference section */
		72032C3027D1A4B4001B2E36 /* Info.plist */ = {isa = PBXFileReference; lastKnownFileType = text.plist; path = Info.plist; sourceTree = "<group>"; };
		72032C3127D1A5A9001B2E36 /* CreateNewWorkoutView.swift */ = {isa = PBXFileReference; lastKnownFileType = sourcecode.swift; path = CreateNewWorkoutView.swift; sourceTree = "<group>"; };
		72032C3327D1A639001B2E36 /* EmojiTextField.swift */ = {isa = PBXFileReference; lastKnownFileType = sourcecode.swift; path = EmojiTextField.swift; sourceTree = "<group>"; };
		72032C3527D1B7D7001B2E36 /* TagView.swift */ = {isa = PBXFileReference; lastKnownFileType = sourcecode.swift; path = TagView.swift; sourceTree = "<group>"; };
		7235780927BDF85E0013967E /* WorkMeOut.app */ = {isa = PBXFileReference; explicitFileType = wrapper.application; includeInIndex = 0; path = WorkMeOut.app; sourceTree = BUILT_PRODUCTS_DIR; };
		7235780C27BDF85E0013967E /* WorkMeOutApp.swift */ = {isa = PBXFileReference; lastKnownFileType = sourcecode.swift; path = WorkMeOutApp.swift; sourceTree = "<group>"; };
		7235780E27BDF85E0013967E /* HomeView.swift */ = {isa = PBXFileReference; lastKnownFileType = sourcecode.swift; path = HomeView.swift; sourceTree = "<group>"; };
		7235781027BDF85F0013967E /* Assets.xcassets */ = {isa = PBXFileReference; lastKnownFileType = folder.assetcatalog; path = Assets.xcassets; sourceTree = "<group>"; };
		7235781327BDF85F0013967E /* Preview Assets.xcassets */ = {isa = PBXFileReference; lastKnownFileType = folder.assetcatalog; path = "Preview Assets.xcassets"; sourceTree = "<group>"; };
		7235781A27BDFAB20013967E /* Store.swift */ = {isa = PBXFileReference; lastKnownFileType = sourcecode.swift; path = Store.swift; sourceTree = "<group>"; };
		7235781C27BDFDB50013967E /* WorkoutView.swift */ = {isa = PBXFileReference; lastKnownFileType = sourcecode.swift; path = WorkoutView.swift; sourceTree = "<group>"; };
		72F29DA627D098010046BD87 /* CreateNewActivityView.swift */ = {isa = PBXFileReference; lastKnownFileType = sourcecode.swift; path = CreateNewActivityView.swift; sourceTree = "<group>"; };
/* End PBXFileReference section */

/* Begin PBXFrameworksBuildPhase section */
		7235780627BDF85E0013967E /* Frameworks */ = {
			isa = PBXFrameworksBuildPhase;
			buildActionMask = 2147483647;
			files = (
				72032C3927D4A48D001B2E36 /* SwiftUICharts in Frameworks */,
			);
			runOnlyForDeploymentPostprocessing = 0;
		};
/* End PBXFrameworksBuildPhase section */

/* Begin PBXGroup section */
		7235780027BDF85E0013967E = {
			isa = PBXGroup;
			children = (
				7235780B27BDF85E0013967E /* WorkMeOut */,
				7235780A27BDF85E0013967E /* Products */,
			);
			sourceTree = "<group>";
		};
		7235780A27BDF85E0013967E /* Products */ = {
			isa = PBXGroup;
			children = (
				7235780927BDF85E0013967E /* WorkMeOut.app */,
			);
			name = Products;
			sourceTree = "<group>";
		};
		7235780B27BDF85E0013967E /* WorkMeOut */ = {
			isa = PBXGroup;
			children = (
				72032C3027D1A4B4001B2E36 /* Info.plist */,
				7235780C27BDF85E0013967E /* WorkMeOutApp.swift */,
				7235780E27BDF85E0013967E /* HomeView.swift */,
				7235781027BDF85F0013967E /* Assets.xcassets */,
				7235781227BDF85F0013967E /* Preview Content */,
				7235781A27BDFAB20013967E /* Store.swift */,
				7235781C27BDFDB50013967E /* WorkoutView.swift */,
				72F29DA627D098010046BD87 /* CreateNewActivityView.swift */,
				72032C3127D1A5A9001B2E36 /* CreateNewWorkoutView.swift */,
				72032C3327D1A639001B2E36 /* EmojiTextField.swift */,
				72032C3527D1B7D7001B2E36 /* TagView.swift */,
			);
			path = WorkMeOut;
			sourceTree = "<group>";
		};
		7235781227BDF85F0013967E /* Preview Content */ = {
			isa = PBXGroup;
			children = (
				7235781327BDF85F0013967E /* Preview Assets.xcassets */,
			);
			path = "Preview Content";
			sourceTree = "<group>";
		};
/* End PBXGroup section */

/* Begin PBXNativeTarget section */
		7235780827BDF85E0013967E /* WorkMeOut */ = {
			isa = PBXNativeTarget;
			buildConfigurationList = 7235781727BDF85F0013967E /* Build configuration list for PBXNativeTarget "WorkMeOut" */;
			buildPhases = (
				7235780527BDF85E0013967E /* Sources */,
				7235780627BDF85E0013967E /* Frameworks */,
				7235780727BDF85E0013967E /* Resources */,
			);
			buildRules = (
			);
			dependencies = (
			);
			name = WorkMeOut;
			packageProductDependencies = (
				72032C3827D4A48D001B2E36 /* SwiftUICharts */,
			);
			productName = WorkMeOut;
			productReference = 7235780927BDF85E0013967E /* WorkMeOut.app */;
			productType = "com.apple.product-type.application";
		};
/* End PBXNativeTarget section */

/* Begin PBXProject section */
		7235780127BDF85E0013967E /* Project object */ = {
			isa = PBXProject;
			attributes = {
				BuildIndependentTargetsInParallel = 1;
				LastSwiftUpdateCheck = 1320;
				LastUpgradeCheck = 1320;
				TargetAttributes = {
					7235780827BDF85E0013967E = {
						CreatedOnToolsVersion = 13.2.1;
					};
				};
			};
			buildConfigurationList = 7235780427BDF85E0013967E /* Build configuration list for PBXProject "WorkMeOut" */;
			compatibilityVersion = "Xcode 13.0";
			developmentRegion = en;
			hasScannedForEncodings = 0;
			knownRegions = (
				en,
				Base,
			);
			mainGroup = 7235780027BDF85E0013967E;
			packageReferences = (
				72032C3727D4A48D001B2E36 /* XCRemoteSwiftPackageReference "ChartView" */,
			);
			productRefGroup = 7235780A27BDF85E0013967E /* Products */;
			projectDirPath = "";
			projectRoot = "";
			targets = (
				7235780827BDF85E0013967E /* WorkMeOut */,
			);
		};
/* End PBXProject section */

/* Begin PBXResourcesBuildPhase section */
		7235780727BDF85E0013967E /* Resources */ = {
			isa = PBXResourcesBuildPhase;
			buildActionMask = 2147483647;
			files = (
				7235781427BDF85F0013967E /* Preview Assets.xcassets in Resources */,
				7235781127BDF85F0013967E /* Assets.xcassets in Resources */,
			);
			runOnlyForDeploymentPostprocessing = 0;
		};
/* End PBXResourcesBuildPhase section */

/* Begin PBXSourcesBuildPhase section */
		7235780527BDF85E0013967E /* Sources */ = {
			isa = PBXSourcesBuildPhase;
			buildActionMask = 2147483647;
			files = (
				7235780F27BDF85E0013967E /* HomeView.swift in Sources */,
				72032C3427D1A639001B2E36 /* EmojiTextField.swift in Sources */,
				72F29DA727D098010046BD87 /* CreateNewActivityView.swift in Sources */,
				7235781B27BDFAB20013967E /* Store.swift in Sources */,
				72032C3227D1A5A9001B2E36 /* CreateNewWorkoutView.swift in Sources */,
				7235781D27BDFDB50013967E /* WorkoutView.swift in Sources */,
				7235780D27BDF85E0013967E /* WorkMeOutApp.swift in Sources */,
				72032C3627D1B7D7001B2E36 /* TagView.swift in Sources */,
			);
			runOnlyForDeploymentPostprocessing = 0;
		};
/* End PBXSourcesBuildPhase section */

/* Begin XCBuildConfiguration section */
		7235781527BDF85F0013967E /* Debug */ = {
			isa = XCBuildConfiguration;
			buildSettings = {
				ALWAYS_SEARCH_USER_PATHS = NO;
				CLANG_ANALYZER_NONNULL = YES;
				CLANG_ANALYZER_NUMBER_OBJECT_CONVERSION = YES_AGGRESSIVE;
				CLANG_CXX_LANGUAGE_STANDARD = "gnu++17";
				CLANG_CXX_LIBRARY = "libc++";
				CLANG_ENABLE_MODULES = YES;
				CLANG_ENABLE_OBJC_ARC = YES;
				CLANG_ENABLE_OBJC_WEAK = YES;
				CLANG_WARN_BLOCK_CAPTURE_AUTORELEASING = YES;
				CLANG_WARN_BOOL_CONVERSION = YES;
				CLANG_WARN_COMMA = YES;
				CLANG_WARN_CONSTANT_CONVERSION = YES;
				CLANG_WARN_DEPRECATED_OBJC_IMPLEMENTATIONS = YES;
				CLANG_WARN_DIRECT_OBJC_ISA_USAGE = YES_ERROR;
				CLANG_WARN_DOCUMENTATION_COMMENTS = YES;
				CLANG_WARN_EMPTY_BODY = YES;
				CLANG_WARN_ENUM_CONVERSION = YES;
				CLANG_WARN_INFINITE_RECURSION = YES;
				CLANG_WARN_INT_CONVERSION = YES;
				CLANG_WARN_NON_LITERAL_NULL_CONVERSION = YES;
				CLANG_WARN_OBJC_IMPLICIT_RETAIN_SELF = YES;
				CLANG_WARN_OBJC_LITERAL_CONVERSION = YES;
				CLANG_WARN_OBJC_ROOT_CLASS = YES_ERROR;
				CLANG_WARN_QUOTED_INCLUDE_IN_FRAMEWORK_HEADER = YES;
				CLANG_WARN_RANGE_LOOP_ANALYSIS = YES;
				CLANG_WARN_STRICT_PROTOTYPES = YES;
				CLANG_WARN_SUSPICIOUS_MOVE = YES;
				CLANG_WARN_UNGUARDED_AVAILABILITY = YES_AGGRESSIVE;
				CLANG_WARN_UNREACHABLE_CODE = YES;
				CLANG_WARN__DUPLICATE_METHOD_MATCH = YES;
				COPY_PHASE_STRIP = NO;
				DEBUG_INFORMATION_FORMAT = dwarf;
				ENABLE_STRICT_OBJC_MSGSEND = YES;
				ENABLE_TESTABILITY = YES;
				GCC_C_LANGUAGE_STANDARD = gnu11;
				GCC_DYNAMIC_NO_PIC = NO;
				GCC_NO_COMMON_BLOCKS = YES;
				GCC_OPTIMIZATION_LEVEL = 0;
				GCC_PREPROCESSOR_DEFINITIONS = (
					"DEBUG=1",
					"$(inherited)",
				);
				GCC_WARN_64_TO_32_BIT_CONVERSION = YES;
				GCC_WARN_ABOUT_RETURN_TYPE = YES_ERROR;
				GCC_WARN_UNDECLARED_SELECTOR = YES;
				GCC_WARN_UNINITIALIZED_AUTOS = YES_AGGRESSIVE;
				GCC_WARN_UNUSED_FUNCTION = YES;
				GCC_WARN_UNUSED_VARIABLE = YES;
				IPHONEOS_DEPLOYMENT_TARGET = 15.2;
				MTL_ENABLE_DEBUG_INFO = INCLUDE_SOURCE;
				MTL_FAST_MATH = YES;
				ONLY_ACTIVE_ARCH = YES;
				SDKROOT = iphoneos;
				SWIFT_ACTIVE_COMPILATION_CONDITIONS = DEBUG;
				SWIFT_OPTIMIZATION_LEVEL = "-Onone";
			};
			name = Debug;
		};
		7235781627BDF85F0013967E /* Release */ = {
			isa = XCBuildConfiguration;
			buildSettings = {
				ALWAYS_SEARCH_USER_PATHS = NO;
				CLANG_ANALYZER_NONNULL = YES;
				CLANG_ANALYZER_NUMBER_OBJECT_CONVERSION = YES_AGGRESSIVE;
				CLANG_CXX_LANGUAGE_STANDARD = "gnu++17";
				CLANG_CXX_LIBRARY = "libc++";
				CLANG_ENABLE_MODULES = YES;
				CLANG_ENABLE_OBJC_ARC = YES;
				CLANG_ENABLE_OBJC_WEAK = YES;
				CLANG_WARN_BLOCK_CAPTURE_AUTORELEASING = YES;
				CLANG_WARN_BOOL_CONVERSION = YES;
				CLANG_WARN_COMMA = YES;
				CLANG_WARN_CONSTANT_CONVERSION = YES;
				CLANG_WARN_DEPRECATED_OBJC_IMPLEMENTATIONS = YES;
				CLANG_WARN_DIRECT_OBJC_ISA_USAGE = YES_ERROR;
				CLANG_WARN_DOCUMENTATION_COMMENTS = YES;
				CLANG_WARN_EMPTY_BODY = YES;
				CLANG_WARN_ENUM_CONVERSION = YES;
				CLANG_WARN_INFINITE_RECURSION = YES;
				CLANG_WARN_INT_CONVERSION = YES;
				CLANG_WARN_NON_LITERAL_NULL_CONVERSION = YES;
				CLANG_WARN_OBJC_IMPLICIT_RETAIN_SELF = YES;
				CLANG_WARN_OBJC_LITERAL_CONVERSION = YES;
				CLANG_WARN_OBJC_ROOT_CLASS = YES_ERROR;
				CLANG_WARN_QUOTED_INCLUDE_IN_FRAMEWORK_HEADER = YES;
				CLANG_WARN_RANGE_LOOP_ANALYSIS = YES;
				CLANG_WARN_STRICT_PROTOTYPES = YES;
				CLANG_WARN_SUSPICIOUS_MOVE = YES;
				CLANG_WARN_UNGUARDED_AVAILABILITY = YES_AGGRESSIVE;
				CLANG_WARN_UNREACHABLE_CODE = YES;
				CLANG_WARN__DUPLICATE_METHOD_MATCH = YES;
				COPY_PHASE_STRIP = NO;
				DEBUG_INFORMATION_FORMAT = "dwarf-with-dsym";
				ENABLE_NS_ASSERTIONS = NO;
				ENABLE_STRICT_OBJC_MSGSEND = YES;
				GCC_C_LANGUAGE_STANDARD = gnu11;
				GCC_NO_COMMON_BLOCKS = YES;
				GCC_WARN_64_TO_32_BIT_CONVERSION = YES;
				GCC_WARN_ABOUT_RETURN_TYPE = YES_ERROR;
				GCC_WARN_UNDECLARED_SELECTOR = YES;
				GCC_WARN_UNINITIALIZED_AUTOS = YES_AGGRESSIVE;
				GCC_WARN_UNUSED_FUNCTION = YES;
				GCC_WARN_UNUSED_VARIABLE = YES;
				IPHONEOS_DEPLOYMENT_TARGET = 15.2;
				MTL_ENABLE_DEBUG_INFO = NO;
				MTL_FAST_MATH = YES;
				SDKROOT = iphoneos;
				SWIFT_COMPILATION_MODE = wholemodule;
				SWIFT_OPTIMIZATION_LEVEL = "-O";
				VALIDATE_PRODUCT = YES;
			};
			name = Release;
		};
		7235781827BDF85F0013967E /* Debug */ = {
			isa = XCBuildConfiguration;
			buildSettings = {
				ASSETCATALOG_COMPILER_APPICON_NAME = AppIcon;
				ASSETCATALOG_COMPILER_GLOBAL_ACCENT_COLOR_NAME = AccentColor;
				CODE_SIGN_STYLE = Automatic;
				CURRENT_PROJECT_VERSION = 1;
				DEVELOPMENT_ASSET_PATHS = "\"WorkMeOut/Preview Content\"";
				DEVELOPMENT_TEAM = DSGJ8LM663;
				ENABLE_PREVIEWS = YES;
				GENERATE_INFOPLIST_FILE = YES;
				INFOPLIST_FILE = WorkMeOut/Info.plist;
				INFOPLIST_KEY_UIApplicationSceneManifest_Generation = YES;
				INFOPLIST_KEY_UIApplicationSupportsIndirectInputEvents = YES;
				INFOPLIST_KEY_UISupportedInterfaceOrientations_iPad = "UIInterfaceOrientationPortrait UIInterfaceOrientationPortraitUpsideDown UIInterfaceOrientationLandscapeLeft UIInterfaceOrientationLandscapeRight";
				INFOPLIST_KEY_UISupportedInterfaceOrientations_iPhone = "UIInterfaceOrientationPortrait UIInterfaceOrientationLandscapeLeft UIInterfaceOrientationLandscapeRight";
				LD_RUNPATH_SEARCH_PATHS = (
					"$(inherited)",
					"@executable_path/Frameworks",
				);
				MARKETING_VERSION = 1.0;
				PRODUCT_BUNDLE_IDENTIFIER = com.xero.WorkMeOut;
				PRODUCT_NAME = "$(TARGET_NAME)";
				SWIFT_EMIT_LOC_STRINGS = YES;
				SWIFT_VERSION = 5.0;
				TARGETED_DEVICE_FAMILY = "1,2";
			};
			name = Debug;
		};
		7235781927BDF85F0013967E /* Release */ = {
			isa = XCBuildConfiguration;
			buildSettings = {
				ASSETCATALOG_COMPILER_APPICON_NAME = AppIcon;
				ASSETCATALOG_COMPILER_GLOBAL_ACCENT_COLOR_NAME = AccentColor;
				CODE_SIGN_STYLE = Automatic;
				CURRENT_PROJECT_VERSION = 1;
				DEVELOPMENT_ASSET_PATHS = "\"WorkMeOut/Preview Content\"";
				DEVELOPMENT_TEAM = DSGJ8LM663;
				ENABLE_PREVIEWS = YES;
				GENERATE_INFOPLIST_FILE = YES;
				INFOPLIST_FILE = WorkMeOut/Info.plist;
				INFOPLIST_KEY_UIApplicationSceneManifest_Generation = YES;
				INFOPLIST_KEY_UIApplicationSupportsIndirectInputEvents = YES;
				INFOPLIST_KEY_UISupportedInterfaceOrientations_iPad = "UIInterfaceOrientationPortrait UIInterfaceOrientationPortraitUpsideDown UIInterfaceOrientationLandscapeLeft UIInterfaceOrientationLandscapeRight";
				INFOPLIST_KEY_UISupportedInterfaceOrientations_iPhone = "UIInterfaceOrientationPortrait UIInterfaceOrientationLandscapeLeft UIInterfaceOrientationLandscapeRight";
				LD_RUNPATH_SEARCH_PATHS = (
					"$(inherited)",
					"@executable_path/Frameworks",
				);
				MARKETING_VERSION = 1.0;
				PRODUCT_BUNDLE_IDENTIFIER = com.xero.WorkMeOut;
				PRODUCT_NAME = "$(TARGET_NAME)";
				SWIFT_EMIT_LOC_STRINGS = YES;
				SWIFT_VERSION = 5.0;
				TARGETED_DEVICE_FAMILY = "1,2";
			};
			name = Release;
		};
/* End XCBuildConfiguration section */

/* Begin XCConfigurationList section */
		7235780427BDF85E0013967E /* Build configuration list for PBXProject "WorkMeOut" */ = {
			isa = XCConfigurationList;
			buildConfigurations = (
				7235781527BDF85F0013967E /* Debug */,
				7235781627BDF85F0013967E /* Release */,
			);
			defaultConfigurationIsVisible = 0;
			defaultConfigurationName = Release;
		};
		7235781727BDF85F0013967E /* Build configuration list for PBXNativeTarget "WorkMeOut" */ = {
			isa = XCConfigurationList;
			buildConfigurations = (
				7235781827BDF85F0013967E /* Debug */,
				7235781927BDF85F0013967E /* Release */,
			);
			defaultConfigurationIsVisible = 0;
			defaultConfigurationName = Release;
		};
/* End XCConfigurationList section */

/* Begin XCRemoteSwiftPackageReference section */
		72032C3727D4A48D001B2E36 /* XCRemoteSwiftPackageReference "ChartView" */ = {
			isa = XCRemoteSwiftPackageReference;
			repositoryURL = "https://github.com/AppPear/ChartView";
			requirement = {
				kind = upToNextMajorVersion;
				minimumVersion = 1.0.0;
			};
		};
/* End XCRemoteSwiftPackageReference section */

/* Begin XCSwiftPackageProductDependency section */
		72032C3827D4A48D001B2E36 /* SwiftUICharts */ = {
			isa = XCSwiftPackageProductDependency;
			package = 72032C3727D4A48D001B2E36 /* XCRemoteSwiftPackageReference "ChartView" */;
			productName = SwiftUICharts;
		};
/* End XCSwiftPackageProductDependency section */
	};
	rootObject = 7235780127BDF85E0013967E /* Project object */;
}
